// !$*UTF8*$!
{
	archiveVersion = 1;
	classes = {
	};
	objectVersion = 55;
	objects = {

/* Begin PBXBuildFile section */
		2804B43A286C95C700B0C10A /* WeatherViewModel.swift in Sources */ = {isa = PBXBuildFile; fileRef = 2804B439286C95C700B0C10A /* WeatherViewModel.swift */; };
		2804B43C286C95D500B0C10A /* Weather.swift in Sources */ = {isa = PBXBuildFile; fileRef = 2804B43B286C95D500B0C10A /* Weather.swift */; };
		2804B441286C96B700B0C10A /* ResultState.swift in Sources */ = {isa = PBXBuildFile; fileRef = 2804B440286C96B700B0C10A /* ResultState.swift */; };
		2804B443286C973A00B0C10A /* WeatherEndPoint.swift in Sources */ = {isa = PBXBuildFile; fileRef = 2804B442286C973A00B0C10A /* WeatherEndPoint.swift */; };
		2804B445286C977E00B0C10A /* WeatherService.swift in Sources */ = {isa = PBXBuildFile; fileRef = 2804B444286C977E00B0C10A /* WeatherService.swift */; };
		2804B447286C97B000B0C10A /* APIError.swift in Sources */ = {isa = PBXBuildFile; fileRef = 2804B446286C97B000B0C10A /* APIError.swift */; };
		28A5F65528753F260022FF11 /* HomeView.swift in Sources */ = {isa = PBXBuildFile; fileRef = 28A5F65428753F260022FF11 /* HomeView.swift */; };
		28A5F65728753F6D0022FF11 /* ErrorView.swift in Sources */ = {isa = PBXBuildFile; fileRef = 28A5F65628753F6D0022FF11 /* ErrorView.swift */; };
		28A5F65928753FEC0022FF11 /* WeatherView.swift in Sources */ = {isa = PBXBuildFile; fileRef = 28A5F65828753FEC0022FF11 /* WeatherView.swift */; };
		28A5F65B287555090022FF11 /* WeatherDetailsView.swift in Sources */ = {isa = PBXBuildFile; fileRef = 28A5F65A287555090022FF11 /* WeatherDetailsView.swift */; };
		28A5F65D2875713D0022FF11 /* BackgroundView.swift in Sources */ = {isa = PBXBuildFile; fileRef = 28A5F65C2875713D0022FF11 /* BackgroundView.swift */; };
		28EA2D472869C401001AA66D /* Evangelist_AppApp.swift in Sources */ = {isa = PBXBuildFile; fileRef = 28EA2D462869C401001AA66D /* Evangelist_AppApp.swift */; };
		28EA2D4B2869C403001AA66D /* Assets.xcassets in Resources */ = {isa = PBXBuildFile; fileRef = 28EA2D4A2869C403001AA66D /* Assets.xcassets */; };
		28EA2D4E2869C403001AA66D /* Preview Assets.xcassets in Resources */ = {isa = PBXBuildFile; fileRef = 28EA2D4D2869C403001AA66D /* Preview Assets.xcassets */; };
		28EA2D502869C403001AA66D /* Persistence.swift in Sources */ = {isa = PBXBuildFile; fileRef = 28EA2D4F2869C403001AA66D /* Persistence.swift */; };
		28EA2D532869C403001AA66D /* Evangelist_App.xcdatamodeld in Sources */ = {isa = PBXBuildFile; fileRef = 28EA2D512869C403001AA66D /* Evangelist_App.xcdatamodeld */; };
		28EA2D5D2869C403001AA66D /* Evangelist_AppTests.swift in Sources */ = {isa = PBXBuildFile; fileRef = 28EA2D5C2869C403001AA66D /* Evangelist_AppTests.swift */; };
		28EA2D672869C403001AA66D /* Evangelist_AppUITests.swift in Sources */ = {isa = PBXBuildFile; fileRef = 28EA2D662869C403001AA66D /* Evangelist_AppUITests.swift */; };
		28EA2D692869C403001AA66D /* Evangelist_AppUITestsLaunchTests.swift in Sources */ = {isa = PBXBuildFile; fileRef = 28EA2D682869C403001AA66D /* Evangelist_AppUITestsLaunchTests.swift */; };
/* End PBXBuildFile section */

/* Begin PBXContainerItemProxy section */
		28EA2D592869C403001AA66D /* PBXContainerItemProxy */ = {
			isa = PBXContainerItemProxy;
			containerPortal = 28EA2D3B2869C401001AA66D /* Project object */;
			proxyType = 1;
			remoteGlobalIDString = 28EA2D422869C401001AA66D;
			remoteInfo = "Evangelist App";
		};
		28EA2D632869C403001AA66D /* PBXContainerItemProxy */ = {
			isa = PBXContainerItemProxy;
			containerPortal = 28EA2D3B2869C401001AA66D /* Project object */;
			proxyType = 1;
			remoteGlobalIDString = 28EA2D422869C401001AA66D;
			remoteInfo = "Evangelist App";
		};
/* End PBXContainerItemProxy section */

/* Begin PBXFileReference section */
		2804B439286C95C700B0C10A /* WeatherViewModel.swift */ = {isa = PBXFileReference; lastKnownFileType = sourcecode.swift; path = WeatherViewModel.swift; sourceTree = "<group>"; };
		2804B43B286C95D500B0C10A /* Weather.swift */ = {isa = PBXFileReference; lastKnownFileType = sourcecode.swift; path = Weather.swift; sourceTree = "<group>"; };
		2804B440286C96B700B0C10A /* ResultState.swift */ = {isa = PBXFileReference; lastKnownFileType = sourcecode.swift; path = ResultState.swift; sourceTree = "<group>"; };
		2804B442286C973A00B0C10A /* WeatherEndPoint.swift */ = {isa = PBXFileReference; lastKnownFileType = sourcecode.swift; path = WeatherEndPoint.swift; sourceTree = "<group>"; };
		2804B444286C977E00B0C10A /* WeatherService.swift */ = {isa = PBXFileReference; lastKnownFileType = sourcecode.swift; path = WeatherService.swift; sourceTree = "<group>"; };
		2804B446286C97B000B0C10A /* APIError.swift */ = {isa = PBXFileReference; lastKnownFileType = sourcecode.swift; path = APIError.swift; sourceTree = "<group>"; };
		28A5F65428753F260022FF11 /* HomeView.swift */ = {isa = PBXFileReference; lastKnownFileType = sourcecode.swift; path = HomeView.swift; sourceTree = "<group>"; };
		28A5F65628753F6D0022FF11 /* ErrorView.swift */ = {isa = PBXFileReference; fileEncoding = 4; lastKnownFileType = sourcecode.swift; path = ErrorView.swift; sourceTree = "<group>"; };
		28A5F65828753FEC0022FF11 /* WeatherView.swift */ = {isa = PBXFileReference; fileEncoding = 4; lastKnownFileType = sourcecode.swift; path = WeatherView.swift; sourceTree = "<group>"; };
		28A5F65A287555090022FF11 /* WeatherDetailsView.swift */ = {isa = PBXFileReference; lastKnownFileType = sourcecode.swift; path = WeatherDetailsView.swift; sourceTree = "<group>"; };
		28A5F65C2875713D0022FF11 /* BackgroundView.swift */ = {isa = PBXFileReference; lastKnownFileType = sourcecode.swift; path = BackgroundView.swift; sourceTree = "<group>"; };
		28EA2D432869C401001AA66D /* Evangelist App.app */ = {isa = PBXFileReference; explicitFileType = wrapper.application; includeInIndex = 0; path = "Evangelist App.app"; sourceTree = BUILT_PRODUCTS_DIR; };
		28EA2D462869C401001AA66D /* Evangelist_AppApp.swift */ = {isa = PBXFileReference; lastKnownFileType = sourcecode.swift; path = Evangelist_AppApp.swift; sourceTree = "<group>"; };
		28EA2D4A2869C403001AA66D /* Assets.xcassets */ = {isa = PBXFileReference; lastKnownFileType = folder.assetcatalog; path = Assets.xcassets; sourceTree = "<group>"; };
		28EA2D4D2869C403001AA66D /* Preview Assets.xcassets */ = {isa = PBXFileReference; lastKnownFileType = folder.assetcatalog; path = "Preview Assets.xcassets"; sourceTree = "<group>"; };
		28EA2D4F2869C403001AA66D /* Persistence.swift */ = {isa = PBXFileReference; lastKnownFileType = sourcecode.swift; path = Persistence.swift; sourceTree = "<group>"; };
		28EA2D522869C403001AA66D /* Evangelist_App.xcdatamodel */ = {isa = PBXFileReference; lastKnownFileType = wrapper.xcdatamodel; path = Evangelist_App.xcdatamodel; sourceTree = "<group>"; };
		28EA2D582869C403001AA66D /* Evangelist AppTests.xctest */ = {isa = PBXFileReference; explicitFileType = wrapper.cfbundle; includeInIndex = 0; path = "Evangelist AppTests.xctest"; sourceTree = BUILT_PRODUCTS_DIR; };
		28EA2D5C2869C403001AA66D /* Evangelist_AppTests.swift */ = {isa = PBXFileReference; lastKnownFileType = sourcecode.swift; path = Evangelist_AppTests.swift; sourceTree = "<group>"; };
		28EA2D622869C403001AA66D /* Evangelist AppUITests.xctest */ = {isa = PBXFileReference; explicitFileType = wrapper.cfbundle; includeInIndex = 0; path = "Evangelist AppUITests.xctest"; sourceTree = BUILT_PRODUCTS_DIR; };
		28EA2D662869C403001AA66D /* Evangelist_AppUITests.swift */ = {isa = PBXFileReference; lastKnownFileType = sourcecode.swift; path = Evangelist_AppUITests.swift; sourceTree = "<group>"; };
		28EA2D682869C403001AA66D /* Evangelist_AppUITestsLaunchTests.swift */ = {isa = PBXFileReference; lastKnownFileType = sourcecode.swift; path = Evangelist_AppUITestsLaunchTests.swift; sourceTree = "<group>"; };
/* End PBXFileReference section */

/* Begin PBXFrameworksBuildPhase section */
		28EA2D402869C401001AA66D /* Frameworks */ = {
			isa = PBXFrameworksBuildPhase;
			buildActionMask = 2147483647;
			files = (
			);
			runOnlyForDeploymentPostprocessing = 0;
		};
		28EA2D552869C403001AA66D /* Frameworks */ = {
			isa = PBXFrameworksBuildPhase;
			buildActionMask = 2147483647;
			files = (
			);
			runOnlyForDeploymentPostprocessing = 0;
		};
		28EA2D5F2869C403001AA66D /* Frameworks */ = {
			isa = PBXFrameworksBuildPhase;
			buildActionMask = 2147483647;
			files = (
			);
			runOnlyForDeploymentPostprocessing = 0;
		};
/* End PBXFrameworksBuildPhase section */

/* Begin PBXGroup section */
		2804B42F286C945900B0C10A /* View */ = {
			isa = PBXGroup;
			children = (
				28A5F65428753F260022FF11 /* HomeView.swift */,
				28A5F65828753FEC0022FF11 /* WeatherView.swift */,
				28A5F65628753F6D0022FF11 /* ErrorView.swift */,
				28A5F65A287555090022FF11 /* WeatherDetailsView.swift */,
				28A5F65C2875713D0022FF11 /* BackgroundView.swift */,
			);
			path = View;
			sourceTree = "<group>";
		};
		2804B430286C946B00B0C10A /* ViewModel */ = {
			isa = PBXGroup;
			children = (
				2804B439286C95C700B0C10A /* WeatherViewModel.swift */,
			);
			path = ViewModel;
			sourceTree = "<group>";
		};
		2804B431286C949700B0C10A /* Model */ = {
			isa = PBXGroup;
			children = (
				2804B43B286C95D500B0C10A /* Weather.swift */,
			);
			path = Model;
			sourceTree = "<group>";
		};
		2804B432286C94A600B0C10A /* Network */ = {
			isa = PBXGroup;
			children = (
			);
			path = Network;
			sourceTree = "<group>";
		};
		2804B433286C94AE00B0C10A /* Services */ = {
			isa = PBXGroup;
			children = (
				2804B444286C977E00B0C10A /* WeatherService.swift */,
			);
			path = Services;
			sourceTree = "<group>";
		};
		2804B434286C94BB00B0C10A /* Constant */ = {
			isa = PBXGroup;
			children = (
			);
			path = Constant;
			sourceTree = "<group>";
		};
		2804B43D286C960F00B0C10A /* ErrorHandling */ = {
			isa = PBXGroup;
			children = (
				2804B446286C97B000B0C10A /* APIError.swift */,
			);
			path = ErrorHandling;
			sourceTree = "<group>";
		};
		2804B43E286C962900B0C10A /* EndPoint */ = {
			isa = PBXGroup;
			children = (
				2804B442286C973A00B0C10A /* WeatherEndPoint.swift */,
			);
			path = EndPoint;
			sourceTree = "<group>";
		};
		2804B43F286C964100B0C10A /* States */ = {
			isa = PBXGroup;
			children = (
				2804B440286C96B700B0C10A /* ResultState.swift */,
			);
			path = States;
			sourceTree = "<group>";
		};
		28EA2D3A2869C401001AA66D = {
			isa = PBXGroup;
			children = (
				28EA2D452869C401001AA66D /* Evangelist App */,
				28EA2D5B2869C403001AA66D /* Evangelist AppTests */,
				28EA2D652869C403001AA66D /* Evangelist AppUITests */,
				28EA2D442869C401001AA66D /* Products */,
			);
			sourceTree = "<group>";
		};
		28EA2D442869C401001AA66D /* Products */ = {
			isa = PBXGroup;
			children = (
				28EA2D432869C401001AA66D /* Evangelist App.app */,
				28EA2D582869C403001AA66D /* Evangelist AppTests.xctest */,
				28EA2D622869C403001AA66D /* Evangelist AppUITests.xctest */,
			);
			name = Products;
			sourceTree = "<group>";
		};
		28EA2D452869C401001AA66D /* Evangelist App */ = {
			isa = PBXGroup;
			children = (
				2804B43F286C964100B0C10A /* States */,
				2804B43E286C962900B0C10A /* EndPoint */,
				2804B43D286C960F00B0C10A /* ErrorHandling */,
				2804B434286C94BB00B0C10A /* Constant */,
				2804B433286C94AE00B0C10A /* Services */,
				2804B432286C94A600B0C10A /* Network */,
				2804B431286C949700B0C10A /* Model */,
				2804B430286C946B00B0C10A /* ViewModel */,
				2804B42F286C945900B0C10A /* View */,
				28EA2D462869C401001AA66D /* Evangelist_AppApp.swift */,
				28EA2D4A2869C403001AA66D /* Assets.xcassets */,
				28EA2D4F2869C403001AA66D /* Persistence.swift */,
				28EA2D512869C403001AA66D /* Evangelist_App.xcdatamodeld */,
				28EA2D4C2869C403001AA66D /* Preview Content */,
			);
			path = "Evangelist App";
			sourceTree = "<group>";
		};
		28EA2D4C2869C403001AA66D /* Preview Content */ = {
			isa = PBXGroup;
			children = (
				28EA2D4D2869C403001AA66D /* Preview Assets.xcassets */,
			);
			path = "Preview Content";
			sourceTree = "<group>";
		};
		28EA2D5B2869C403001AA66D /* Evangelist AppTests */ = {
			isa = PBXGroup;
			children = (
				28EA2D5C2869C403001AA66D /* Evangelist_AppTests.swift */,
			);
			path = "Evangelist AppTests";
			sourceTree = "<group>";
		};
		28EA2D652869C403001AA66D /* Evangelist AppUITests */ = {
			isa = PBXGroup;
			children = (
				28EA2D662869C403001AA66D /* Evangelist_AppUITests.swift */,
				28EA2D682869C403001AA66D /* Evangelist_AppUITestsLaunchTests.swift */,
			);
			path = "Evangelist AppUITests";
			sourceTree = "<group>";
		};
/* End PBXGroup section */

/* Begin PBXNativeTarget section */
		28EA2D422869C401001AA66D /* Evangelist App */ = {
			isa = PBXNativeTarget;
			buildConfigurationList = 28EA2D6C2869C403001AA66D /* Build configuration list for PBXNativeTarget "Evangelist App" */;
			buildPhases = (
				28EA2D3F2869C401001AA66D /* Sources */,
				28EA2D402869C401001AA66D /* Frameworks */,
				28EA2D412869C401001AA66D /* Resources */,
			);
			buildRules = (
			);
			dependencies = (
			);
			name = "Evangelist App";
			productName = "Evangelist App";
			productReference = 28EA2D432869C401001AA66D /* Evangelist App.app */;
			productType = "com.apple.product-type.application";
		};
		28EA2D572869C403001AA66D /* Evangelist AppTests */ = {
			isa = PBXNativeTarget;
			buildConfigurationList = 28EA2D6F2869C403001AA66D /* Build configuration list for PBXNativeTarget "Evangelist AppTests" */;
			buildPhases = (
				28EA2D542869C403001AA66D /* Sources */,
				28EA2D552869C403001AA66D /* Frameworks */,
				28EA2D562869C403001AA66D /* Resources */,
			);
			buildRules = (
			);
			dependencies = (
				28EA2D5A2869C403001AA66D /* PBXTargetDependency */,
			);
			name = "Evangelist AppTests";
			productName = "Evangelist AppTests";
			productReference = 28EA2D582869C403001AA66D /* Evangelist AppTests.xctest */;
			productType = "com.apple.product-type.bundle.unit-test";
		};
		28EA2D612869C403001AA66D /* Evangelist AppUITests */ = {
			isa = PBXNativeTarget;
			buildConfigurationList = 28EA2D722869C403001AA66D /* Build configuration list for PBXNativeTarget "Evangelist AppUITests" */;
			buildPhases = (
				28EA2D5E2869C403001AA66D /* Sources */,
				28EA2D5F2869C403001AA66D /* Frameworks */,
				28EA2D602869C403001AA66D /* Resources */,
			);
			buildRules = (
			);
			dependencies = (
				28EA2D642869C403001AA66D /* PBXTargetDependency */,
			);
			name = "Evangelist AppUITests";
			productName = "Evangelist AppUITests";
			productReference = 28EA2D622869C403001AA66D /* Evangelist AppUITests.xctest */;
			productType = "com.apple.product-type.bundle.ui-testing";
		};
/* End PBXNativeTarget section */

/* Begin PBXProject section */
		28EA2D3B2869C401001AA66D /* Project object */ = {
			isa = PBXProject;
			attributes = {
				BuildIndependentTargetsInParallel = 1;
				LastSwiftUpdateCheck = 1320;
				LastUpgradeCheck = 1320;
				TargetAttributes = {
					28EA2D422869C401001AA66D = {
						CreatedOnToolsVersion = 13.2.1;
					};
					28EA2D572869C403001AA66D = {
						CreatedOnToolsVersion = 13.2.1;
						TestTargetID = 28EA2D422869C401001AA66D;
					};
					28EA2D612869C403001AA66D = {
						CreatedOnToolsVersion = 13.2.1;
						TestTargetID = 28EA2D422869C401001AA66D;
					};
				};
			};
			buildConfigurationList = 28EA2D3E2869C401001AA66D /* Build configuration list for PBXProject "Evangelist App" */;
			compatibilityVersion = "Xcode 13.0";
			developmentRegion = en;
			hasScannedForEncodings = 0;
			knownRegions = (
				en,
				Base,
			);
			mainGroup = 28EA2D3A2869C401001AA66D;
			productRefGroup = 28EA2D442869C401001AA66D /* Products */;
			projectDirPath = "";
			projectRoot = "";
			targets = (
				28EA2D422869C401001AA66D /* Evangelist App */,
				28EA2D572869C403001AA66D /* Evangelist AppTests */,
				28EA2D612869C403001AA66D /* Evangelist AppUITests */,
			);
		};
/* End PBXProject section */

/* Begin PBXResourcesBuildPhase section */
		28EA2D412869C401001AA66D /* Resources */ = {
			isa = PBXResourcesBuildPhase;
			buildActionMask = 2147483647;
			files = (
				28EA2D4E2869C403001AA66D /* Preview Assets.xcassets in Resources */,
				28EA2D4B2869C403001AA66D /* Assets.xcassets in Resources */,
			);
			runOnlyForDeploymentPostprocessing = 0;
		};
		28EA2D562869C403001AA66D /* Resources */ = {
			isa = PBXResourcesBuildPhase;
			buildActionMask = 2147483647;
			files = (
			);
			runOnlyForDeploymentPostprocessing = 0;
		};
		28EA2D602869C403001AA66D /* Resources */ = {
			isa = PBXResourcesBuildPhase;
			buildActionMask = 2147483647;
			files = (
			);
			runOnlyForDeploymentPostprocessing = 0;
		};
/* End PBXResourcesBuildPhase section */

/* Begin PBXSourcesBuildPhase section */
		28EA2D3F2869C401001AA66D /* Sources */ = {
			isa = PBXSourcesBuildPhase;
			buildActionMask = 2147483647;
			files = (
				28A5F65D2875713D0022FF11 /* BackgroundView.swift in Sources */,
				28A5F65B287555090022FF11 /* WeatherDetailsView.swift in Sources */,
				2804B447286C97B000B0C10A /* APIError.swift in Sources */,
				2804B445286C977E00B0C10A /* WeatherService.swift in Sources */,
				28A5F65928753FEC0022FF11 /* WeatherView.swift in Sources */,
				28EA2D502869C403001AA66D /* Persistence.swift in Sources */,
				2804B43A286C95C700B0C10A /* WeatherViewModel.swift in Sources */,
				2804B443286C973A00B0C10A /* WeatherEndPoint.swift in Sources */,
				28EA2D532869C403001AA66D /* Evangelist_App.xcdatamodeld in Sources */,
				2804B441286C96B700B0C10A /* ResultState.swift in Sources */,
				28A5F65528753F260022FF11 /* HomeView.swift in Sources */,
				28EA2D472869C401001AA66D /* Evangelist_AppApp.swift in Sources */,
				28A5F65728753F6D0022FF11 /* ErrorView.swift in Sources */,
				2804B43C286C95D500B0C10A /* Weather.swift in Sources */,
			);
			runOnlyForDeploymentPostprocessing = 0;
		};
		28EA2D542869C403001AA66D /* Sources */ = {
			isa = PBXSourcesBuildPhase;
			buildActionMask = 2147483647;
			files = (
				28EA2D5D2869C403001AA66D /* Evangelist_AppTests.swift in Sources */,
			);
			runOnlyForDeploymentPostprocessing = 0;
		};
		28EA2D5E2869C403001AA66D /* Sources */ = {
			isa = PBXSourcesBuildPhase;
			buildActionMask = 2147483647;
			files = (
				28EA2D692869C403001AA66D /* Evangelist_AppUITestsLaunchTests.swift in Sources */,
				28EA2D672869C403001AA66D /* Evangelist_AppUITests.swift in Sources */,
			);
			runOnlyForDeploymentPostprocessing = 0;
		};
/* End PBXSourcesBuildPhase section */

/* Begin PBXTargetDependency section */
		28EA2D5A2869C403001AA66D /* PBXTargetDependency */ = {
			isa = PBXTargetDependency;
			target = 28EA2D422869C401001AA66D /* Evangelist App */;
			targetProxy = 28EA2D592869C403001AA66D /* PBXContainerItemProxy */;
		};
		28EA2D642869C403001AA66D /* PBXTargetDependency */ = {
			isa = PBXTargetDependency;
			target = 28EA2D422869C401001AA66D /* Evangelist App */;
			targetProxy = 28EA2D632869C403001AA66D /* PBXContainerItemProxy */;
		};
/* End PBXTargetDependency section */

/* Begin XCBuildConfiguration section */
		28EA2D6A2869C403001AA66D /* Debug */ = {
			isa = XCBuildConfiguration;
			buildSettings = {
				ALWAYS_SEARCH_USER_PATHS = NO;
				CLANG_ANALYZER_NONNULL = YES;
				CLANG_ANALYZER_NUMBER_OBJECT_CONVERSION = YES_AGGRESSIVE;
				CLANG_CXX_LANGUAGE_STANDARD = "gnu++17";
				CLANG_CXX_LIBRARY = "libc++";
				CLANG_ENABLE_MODULES = YES;
				CLANG_ENABLE_OBJC_ARC = YES;
				CLANG_ENABLE_OBJC_WEAK = YES;
				CLANG_WARN_BLOCK_CAPTURE_AUTORELEASING = YES;
				CLANG_WARN_BOOL_CONVERSION = YES;
				CLANG_WARN_COMMA = YES;
				CLANG_WARN_CONSTANT_CONVERSION = YES;
				CLANG_WARN_DEPRECATED_OBJC_IMPLEMENTATIONS = YES;
				CLANG_WARN_DIRECT_OBJC_ISA_USAGE = YES_ERROR;
				CLANG_WARN_DOCUMENTATION_COMMENTS = YES;
				CLANG_WARN_EMPTY_BODY = YES;
				CLANG_WARN_ENUM_CONVERSION = YES;
				CLANG_WARN_INFINITE_RECURSION = YES;
				CLANG_WARN_INT_CONVERSION = YES;
				CLANG_WARN_NON_LITERAL_NULL_CONVERSION = YES;
				CLANG_WARN_OBJC_IMPLICIT_RETAIN_SELF = YES;
				CLANG_WARN_OBJC_LITERAL_CONVERSION = YES;
				CLANG_WARN_OBJC_ROOT_CLASS = YES_ERROR;
				CLANG_WARN_QUOTED_INCLUDE_IN_FRAMEWORK_HEADER = YES;
				CLANG_WARN_RANGE_LOOP_ANALYSIS = YES;
				CLANG_WARN_STRICT_PROTOTYPES = YES;
				CLANG_WARN_SUSPICIOUS_MOVE = YES;
				CLANG_WARN_UNGUARDED_AVAILABILITY = YES_AGGRESSIVE;
				CLANG_WARN_UNREACHABLE_CODE = YES;
				CLANG_WARN__DUPLICATE_METHOD_MATCH = YES;
				COPY_PHASE_STRIP = NO;
				DEBUG_INFORMATION_FORMAT = dwarf;
				ENABLE_STRICT_OBJC_MSGSEND = YES;
				ENABLE_TESTABILITY = YES;
				GCC_C_LANGUAGE_STANDARD = gnu11;
				GCC_DYNAMIC_NO_PIC = NO;
				GCC_NO_COMMON_BLOCKS = YES;
				GCC_OPTIMIZATION_LEVEL = 0;
				GCC_PREPROCESSOR_DEFINITIONS = (
					"DEBUG=1",
					"$(inherited)",
				);
				GCC_WARN_64_TO_32_BIT_CONVERSION = YES;
				GCC_WARN_ABOUT_RETURN_TYPE = YES_ERROR;
				GCC_WARN_UNDECLARED_SELECTOR = YES;
				GCC_WARN_UNINITIALIZED_AUTOS = YES_AGGRESSIVE;
				GCC_WARN_UNUSED_FUNCTION = YES;
				GCC_WARN_UNUSED_VARIABLE = YES;
				IPHONEOS_DEPLOYMENT_TARGET = 15.2;
				MTL_ENABLE_DEBUG_INFO = INCLUDE_SOURCE;
				MTL_FAST_MATH = YES;
				ONLY_ACTIVE_ARCH = YES;
				SDKROOT = iphoneos;
				SWIFT_ACTIVE_COMPILATION_CONDITIONS = DEBUG;
				SWIFT_OPTIMIZATION_LEVEL = "-Onone";
			};
			name = Debug;
		};
		28EA2D6B2869C403001AA66D /* Release */ = {
			isa = XCBuildConfiguration;
			buildSettings = {
				ALWAYS_SEARCH_USER_PATHS = NO;
				CLANG_ANALYZER_NONNULL = YES;
				CLANG_ANALYZER_NUMBER_OBJECT_CONVERSION = YES_AGGRESSIVE;
				CLANG_CXX_LANGUAGE_STANDARD = "gnu++17";
				CLANG_CXX_LIBRARY = "libc++";
				CLANG_ENABLE_MODULES = YES;
				CLANG_ENABLE_OBJC_ARC = YES;
				CLANG_ENABLE_OBJC_WEAK = YES;
				CLANG_WARN_BLOCK_CAPTURE_AUTORELEASING = YES;
				CLANG_WARN_BOOL_CONVERSION = YES;
				CLANG_WARN_COMMA = YES;
				CLANG_WARN_CONSTANT_CONVERSION = YES;
				CLANG_WARN_DEPRECATED_OBJC_IMPLEMENTATIONS = YES;
				CLANG_WARN_DIRECT_OBJC_ISA_USAGE = YES_ERROR;
				CLANG_WARN_DOCUMENTATION_COMMENTS = YES;
				CLANG_WARN_EMPTY_BODY = YES;
				CLANG_WARN_ENUM_CONVERSION = YES;
				CLANG_WARN_INFINITE_RECURSION = YES;
				CLANG_WARN_INT_CONVERSION = YES;
				CLANG_WARN_NON_LITERAL_NULL_CONVERSION = YES;
				CLANG_WARN_OBJC_IMPLICIT_RETAIN_SELF = YES;
				CLANG_WARN_OBJC_LITERAL_CONVERSION = YES;
				CLANG_WARN_OBJC_ROOT_CLASS = YES_ERROR;
				CLANG_WARN_QUOTED_INCLUDE_IN_FRAMEWORK_HEADER = YES;
				CLANG_WARN_RANGE_LOOP_ANALYSIS = YES;
				CLANG_WARN_STRICT_PROTOTYPES = YES;
				CLANG_WARN_SUSPICIOUS_MOVE = YES;
				CLANG_WARN_UNGUARDED_AVAILABILITY = YES_AGGRESSIVE;
				CLANG_WARN_UNREACHABLE_CODE = YES;
				CLANG_WARN__DUPLICATE_METHOD_MATCH = YES;
				COPY_PHASE_STRIP = NO;
				DEBUG_INFORMATION_FORMAT = "dwarf-with-dsym";
				ENABLE_NS_ASSERTIONS = NO;
				ENABLE_STRICT_OBJC_MSGSEND = YES;
				GCC_C_LANGUAGE_STANDARD = gnu11;
				GCC_NO_COMMON_BLOCKS = YES;
				GCC_WARN_64_TO_32_BIT_CONVERSION = YES;
				GCC_WARN_ABOUT_RETURN_TYPE = YES_ERROR;
				GCC_WARN_UNDECLARED_SELECTOR = YES;
				GCC_WARN_UNINITIALIZED_AUTOS = YES_AGGRESSIVE;
				GCC_WARN_UNUSED_FUNCTION = YES;
				GCC_WARN_UNUSED_VARIABLE = YES;
				IPHONEOS_DEPLOYMENT_TARGET = 15.2;
				MTL_ENABLE_DEBUG_INFO = NO;
				MTL_FAST_MATH = YES;
				SDKROOT = iphoneos;
				SWIFT_COMPILATION_MODE = wholemodule;
				SWIFT_OPTIMIZATION_LEVEL = "-O";
				VALIDATE_PRODUCT = YES;
			};
			name = Release;
		};
		28EA2D6D2869C403001AA66D /* Debug */ = {
			isa = XCBuildConfiguration;
			buildSettings = {
				ASSETCATALOG_COMPILER_APPICON_NAME = AppIcon;
				ASSETCATALOG_COMPILER_GLOBAL_ACCENT_COLOR_NAME = AccentColor;
				CODE_SIGN_STYLE = Automatic;
				CURRENT_PROJECT_VERSION = 1;
				DEVELOPMENT_ASSET_PATHS = "\"Evangelist App/Preview Content\"";
				ENABLE_PREVIEWS = YES;
				GENERATE_INFOPLIST_FILE = YES;
				INFOPLIST_KEY_UIApplicationSceneManifest_Generation = YES;
				INFOPLIST_KEY_UIApplicationSupportsIndirectInputEvents = YES;
				INFOPLIST_KEY_UILaunchScreen_Generation = YES;
				INFOPLIST_KEY_UISupportedInterfaceOrientations_iPad = "UIInterfaceOrientationPortrait UIInterfaceOrientationPortraitUpsideDown UIInterfaceOrientationLandscapeLeft UIInterfaceOrientationLandscapeRight";
				INFOPLIST_KEY_UISupportedInterfaceOrientations_iPhone = "UIInterfaceOrientationPortrait UIInterfaceOrientationLandscapeLeft UIInterfaceOrientationLandscapeRight";
				LD_RUNPATH_SEARCH_PATHS = (
					"$(inherited)",
					"@executable_path/Frameworks",
				);
				MARKETING_VERSION = 1.0;
				PRODUCT_BUNDLE_IDENTIFIER = "laksh-Coder.Evangelist-App";
				PRODUCT_NAME = "$(TARGET_NAME)";
				SWIFT_EMIT_LOC_STRINGS = YES;
				SWIFT_VERSION = 5.0;
				TARGETED_DEVICE_FAMILY = "1,2";
			};
			name = Debug;
		};
		28EA2D6E2869C403001AA66D /* Release */ = {
			isa = XCBuildConfiguration;
			buildSettings = {
				ASSETCATALOG_COMPILER_APPICON_NAME = AppIcon;
				ASSETCATALOG_COMPILER_GLOBAL_ACCENT_COLOR_NAME = AccentColor;
				CODE_SIGN_STYLE = Automatic;
				CURRENT_PROJECT_VERSION = 1;
				DEVELOPMENT_ASSET_PATHS = "\"Evangelist App/Preview Content\"";
				ENABLE_PREVIEWS = YES;
				GENERATE_INFOPLIST_FILE = YES;
				INFOPLIST_KEY_UIApplicationSceneManifest_Generation = YES;
				INFOPLIST_KEY_UIApplicationSupportsIndirectInputEvents = YES;
				INFOPLIST_KEY_UILaunchScreen_Generation = YES;
				INFOPLIST_KEY_UISupportedInterfaceOrientations_iPad = "UIInterfaceOrientationPortrait UIInterfaceOrientationPortraitUpsideDown UIInterfaceOrientationLandscapeLeft UIInterfaceOrientationLandscapeRight";
				INFOPLIST_KEY_UISupportedInterfaceOrientations_iPhone = "UIInterfaceOrientationPortrait UIInterfaceOrientationLandscapeLeft UIInterfaceOrientationLandscapeRight";
				LD_RUNPATH_SEARCH_PATHS = (
					"$(inherited)",
					"@executable_path/Frameworks",
				);
				MARKETING_VERSION = 1.0;
				PRODUCT_BUNDLE_IDENTIFIER = "laksh-Coder.Evangelist-App";
				PRODUCT_NAME = "$(TARGET_NAME)";
				SWIFT_EMIT_LOC_STRINGS = YES;
				SWIFT_VERSION = 5.0;
				TARGETED_DEVICE_FAMILY = "1,2";
			};
			name = Release;
		};
		28EA2D702869C403001AA66D /* Debug */ = {
			isa = XCBuildConfiguration;
			buildSettings = {
				ALWAYS_EMBED_SWIFT_STANDARD_LIBRARIES = YES;
				BUNDLE_LOADER = "$(TEST_HOST)";
				CODE_SIGN_STYLE = Automatic;
				CURRENT_PROJECT_VERSION = 1;
				GENERATE_INFOPLIST_FILE = YES;
				IPHONEOS_DEPLOYMENT_TARGET = 15.2;
				MARKETING_VERSION = 1.0;
				PRODUCT_BUNDLE_IDENTIFIER = "laksh-Coder.Evangelist-AppTests";
				PRODUCT_NAME = "$(TARGET_NAME)";
				SWIFT_EMIT_LOC_STRINGS = NO;
				SWIFT_VERSION = 5.0;
				TARGETED_DEVICE_FAMILY = "1,2";
				TEST_HOST = "$(BUILT_PRODUCTS_DIR)/Evangelist App.app/Evangelist App";
			};
			name = Debug;
		};
		28EA2D712869C403001AA66D /* Release */ = {
			isa = XCBuildConfiguration;
			buildSettings = {
				ALWAYS_EMBED_SWIFT_STANDARD_LIBRARIES = YES;
				BUNDLE_LOADER = "$(TEST_HOST)";
				CODE_SIGN_STYLE = Automatic;
				CURRENT_PROJECT_VERSION = 1;
				GENERATE_INFOPLIST_FILE = YES;
				IPHONEOS_DEPLOYMENT_TARGET = 15.2;
				MARKETING_VERSION = 1.0;
				PRODUCT_BUNDLE_IDENTIFIER = "laksh-Coder.Evangelist-AppTests";
				PRODUCT_NAME = "$(TARGET_NAME)";
				SWIFT_EMIT_LOC_STRINGS = NO;
				SWIFT_VERSION = 5.0;
				TARGETED_DEVICE_FAMILY = "1,2";
				TEST_HOST = "$(BUILT_PRODUCTS_DIR)/Evangelist App.app/Evangelist App";
			};
			name = Release;
		};
		28EA2D732869C403001AA66D /* Debug */ = {
			isa = XCBuildConfiguration;
			buildSettings = {
				ALWAYS_EMBED_SWIFT_STANDARD_LIBRARIES = YES;
				CODE_SIGN_STYLE = Automatic;
				CURRENT_PROJECT_VERSION = 1;
				GENERATE_INFOPLIST_FILE = YES;
				MARKETING_VERSION = 1.0;
				PRODUCT_BUNDLE_IDENTIFIER = "laksh-Coder.Evangelist-AppUITests";
				PRODUCT_NAME = "$(TARGET_NAME)";
				SWIFT_EMIT_LOC_STRINGS = NO;
				SWIFT_VERSION = 5.0;
				TARGETED_DEVICE_FAMILY = "1,2";
				TEST_TARGET_NAME = "Evangelist App";
			};
			name = Debug;
		};
		28EA2D742869C403001AA66D /* Release */ = {
			isa = XCBuildConfiguration;
			buildSettings = {
				ALWAYS_EMBED_SWIFT_STANDARD_LIBRARIES = YES;
				CODE_SIGN_STYLE = Automatic;
				CURRENT_PROJECT_VERSION = 1;
				GENERATE_INFOPLIST_FILE = YES;
				MARKETING_VERSION = 1.0;
				PRODUCT_BUNDLE_IDENTIFIER = "laksh-Coder.Evangelist-AppUITests";
				PRODUCT_NAME = "$(TARGET_NAME)";
				SWIFT_EMIT_LOC_STRINGS = NO;
				SWIFT_VERSION = 5.0;
				TARGETED_DEVICE_FAMILY = "1,2";
				TEST_TARGET_NAME = "Evangelist App";
			};
			name = Release;
		};
/* End XCBuildConfiguration section */

/* Begin XCConfigurationList section */
		28EA2D3E2869C401001AA66D /* Build configuration list for PBXProject "Evangelist App" */ = {
			isa = XCConfigurationList;
			buildConfigurations = (
				28EA2D6A2869C403001AA66D /* Debug */,
				28EA2D6B2869C403001AA66D /* Release */,
			);
			defaultConfigurationIsVisible = 0;
			defaultConfigurationName = Release;
		};
		28EA2D6C2869C403001AA66D /* Build configuration list for PBXNativeTarget "Evangelist App" */ = {
			isa = XCConfigurationList;
			buildConfigurations = (
				28EA2D6D2869C403001AA66D /* Debug */,
				28EA2D6E2869C403001AA66D /* Release */,
			);
			defaultConfigurationIsVisible = 0;
			defaultConfigurationName = Release;
		};
		28EA2D6F2869C403001AA66D /* Build configuration list for PBXNativeTarget "Evangelist AppTests" */ = {
			isa = XCConfigurationList;
			buildConfigurations = (
				28EA2D702869C403001AA66D /* Debug */,
				28EA2D712869C403001AA66D /* Release */,
			);
			defaultConfigurationIsVisible = 0;
			defaultConfigurationName = Release;
		};
		28EA2D722869C403001AA66D /* Build configuration list for PBXNativeTarget "Evangelist AppUITests" */ = {
			isa = XCConfigurationList;
			buildConfigurations = (
				28EA2D732869C403001AA66D /* Debug */,
				28EA2D742869C403001AA66D /* Release */,
			);
			defaultConfigurationIsVisible = 0;
			defaultConfigurationName = Release;
		};
/* End XCConfigurationList section */

/* Begin XCVersionGroup section */
		28EA2D512869C403001AA66D /* Evangelist_App.xcdatamodeld */ = {
			isa = XCVersionGroup;
			children = (
				28EA2D522869C403001AA66D /* Evangelist_App.xcdatamodel */,
			);
			currentVersion = 28EA2D522869C403001AA66D /* Evangelist_App.xcdatamodel */;
			path = Evangelist_App.xcdatamodeld;
			sourceTree = "<group>";
			versionGroupType = wrapper.xcdatamodel;
		};
/* End XCVersionGroup section */
	};
	rootObject = 28EA2D3B2869C401001AA66D /* Project object */;
}
